
Microsoft Visual Studio Solution File, Format Version 12.00
# Visual Studio Version 17
VisualStudioVersion = 17.5.33516.290
MinimumVisualStudioVersion = 10.0.40219.1
Project("{FAE04EC0-301F-11D3-BF4B-00C04F79EFBC}") = "InForno", "InForno\InForno.csproj", "{A9C743E7-840C-4D4C-A1B8-949071F88804}"
EndProject
Global
	GlobalSection(SolutionConfigurationPlatforms) = preSolution
		Debug|Any CPU = Debug|Any CPU
		Release|Any CPU = Release|Any CPU
	EndGlobalSection
	GlobalSection(ProjectConfigurationPlatforms) = postSolution
		{A9C743E7-840C-4D4C-A1B8-949071F88804}.Debug|Any CPU.ActiveCfg = Debug|Any CPU
		{A9C743E7-840C-4D4C-A1B8-949071F88804}.Debug|Any CPU.Build.0 = Debug|Any CPU
		{A9C743E7-840C-4D4C-A1B8-949071F88804}.Release|Any CPU.ActiveCfg = Release|Any CPU
		{A9C743E7-840C-4D4C-A1B8-949071F88804}.Release|Any CPU.Build.0 = Release|Any CPU
	EndGlobalSection
	GlobalSection(SolutionProperties) = preSolution
		HideSolutionNode = FALSE
	EndGlobalSection
	GlobalSection(ExtensibilityGlobals) = postSolution
		SolutionGuid = {562ECF61-25A1-469F-898A-DC7169E2873D}
	EndGlobalSection
EndGlobal
